// !$*UTF8*$!
{
	archiveVersion = 1;
	classes = {
	};
	objectVersion = 46;
	objects = {

/* Begin PBXBuildFile section */
		533655311B1AB52600B381DD /* main.m in Sources */ = {isa = PBXBuildFile; fileRef = 533655301B1AB52600B381DD /* main.m */; };
		533655341B1AB52600B381DD /* AppDelegate.m in Sources */ = {isa = PBXBuildFile; fileRef = 533655331B1AB52600B381DD /* AppDelegate.m */; };
		533655371B1AB52600B381DD /* ViewController.m in Sources */ = {isa = PBXBuildFile; fileRef = 533655361B1AB52600B381DD /* ViewController.m */; };
		5336553A1B1AB52600B381DD /* Main.storyboard in Resources */ = {isa = PBXBuildFile; fileRef = 533655381B1AB52600B381DD /* Main.storyboard */; };
		5336553C1B1AB52600B381DD /* Images.xcassets in Resources */ = {isa = PBXBuildFile; fileRef = 5336553B1B1AB52600B381DD /* Images.xcassets */; };
		5336553F1B1AB52600B381DD /* LaunchScreen.xib in Resources */ = {isa = PBXBuildFile; fileRef = 5336553D1B1AB52600B381DD /* LaunchScreen.xib */; };
		5336554B1B1AB52600B381DD /* MusicPlayerTests.m in Sources */ = {isa = PBXBuildFile; fileRef = 5336554A1B1AB52600B381DD /* MusicPlayerTests.m */; };
		533655601B1ABE5400B381DD /* bg1.jpeg in Resources */ = {isa = PBXBuildFile; fileRef = 533655551B1ABE5400B381DD /* bg1.jpeg */; };
		533655611B1ABE5400B381DD /* bg2.jpg in Resources */ = {isa = PBXBuildFile; fileRef = 533655561B1ABE5400B381DD /* bg2.jpg */; };
		533655621B1ABE5400B381DD /* list.png in Resources */ = {isa = PBXBuildFile; fileRef = 533655571B1ABE5400B381DD /* list.png */; };
		533655631B1ABE5400B381DD /* next.png in Resources */ = {isa = PBXBuildFile; fileRef = 533655581B1ABE5400B381DD /* next.png */; };
		533655641B1ABE5400B381DD /* play.png in Resources */ = {isa = PBXBuildFile; fileRef = 533655591B1ABE5400B381DD /* play.png */; };
		533655651B1ABE5400B381DD /* pre.png in Resources */ = {isa = PBXBuildFile; fileRef = 5336555A1B1ABE5400B381DD /* pre.png */; };
		533655661B1ABE5400B381DD /* soundOff.png in Resources */ = {isa = PBXBuildFile; fileRef = 5336555B1B1ABE5400B381DD /* soundOff.png */; };
		533655671B1ABE5400B381DD /* soundOn.png in Resources */ = {isa = PBXBuildFile; fileRef = 5336555C1B1ABE5400B381DD /* soundOn.png */; };
		533655681B1ABE5400B381DD /* stop.png in Resources */ = {isa = PBXBuildFile; fileRef = 5336555D1B1ABE5400B381DD /* stop.png */; };
		533655691B1ABE5400B381DD /* 我可以.lrc in Resources */ = {isa = PBXBuildFile; fileRef = 5336555E1B1ABE5400B381DD /* 我可以.lrc */; };
		5336556A1B1ABE5400B381DD /* 我可以.mp3 in Resources */ = {isa = PBXBuildFile; fileRef = 5336555F1B1ABE5400B381DD /* 我可以.mp3 */; };
		5336556C1B1AC0A300B381DD /* 我可以.png in Resources */ = {isa = PBXBuildFile; fileRef = 5336556B1B1AC0A300B381DD /* 我可以.png */; };
		5336556F1B1AC5F800B381DD /* MusicModel.m in Sources */ = {isa = PBXBuildFile; fileRef = 5336556E1B1AC5F800B381DD /* MusicModel.m */; };
		533655711B1AD43200B381DD /* AVFoundation.framework in Frameworks */ = {isa = PBXBuildFile; fileRef = 533655701B1AD43200B381DD /* AVFoundation.framework */; };
		533655761B1AE04100B381DD /* Call Me Maybe.mp3 in Resources */ = {isa = PBXBuildFile; fileRef = 533655721B1AE04100B381DD /* Call Me Maybe.mp3 */; };
		533655771B1AE04100B381DD /* Let It Go.mp3 in Resources */ = {isa = PBXBuildFile; fileRef = 533655731B1AE04100B381DD /* Let It Go.mp3 */; };
		533655781B1AE04100B381DD /* Call Me Maybe.lrc in Resources */ = {isa = PBXBuildFile; fileRef = 533655741B1AE04100B381DD /* Call Me Maybe.lrc */; };
		533655791B1AE04100B381DD /* Let It Go.lrc in Resources */ = {isa = PBXBuildFile; fileRef = 533655751B1AE04100B381DD /* Let It Go.lrc */; };
		533655861B1B578400B381DD /* 表白.png in Resources */ = {isa = PBXBuildFile; fileRef = 5336557B1B1B578400B381DD /* 表白.png */; };
		533655871B1B578400B381DD /* 表白.lrc in Resources */ = {isa = PBXBuildFile; fileRef = 5336557C1B1B578400B381DD /* 表白.lrc */; };
		533655881B1B578400B381DD /* 表白.mp3 in Resources */ = {isa = PBXBuildFile; fileRef = 5336557D1B1B578400B381DD /* 表白.mp3 */; };
		5336558B1B1B578400B381DD /* 火花.png in Resources */ = {isa = PBXBuildFile; fileRef = 533655811B1B578400B381DD /* 火花.png */; };
		5336558C1B1B578400B381DD /* 火花.lrc in Resources */ = {isa = PBXBuildFile; fileRef = 533655821B1B578400B381DD /* 火花.lrc */; };
		5336558D1B1B578400B381DD /* 火花.mp3 in Resources */ = {isa = PBXBuildFile; fileRef = 533655831B1B578400B381DD /* 火花.mp3 */; };
		5336558E1B1B578400B381DD /* Call Me Maybe.png in Resources */ = {isa = PBXBuildFile; fileRef = 533655841B1B578400B381DD /* Call Me Maybe.png */; };
		5336558F1B1B578400B381DD /* Let It Go.png in Resources */ = {isa = PBXBuildFile; fileRef = 533655851B1B578400B381DD /* Let It Go.png */; };
		533655931B1B618800B381DD /* Turn Down for What.png in Resources */ = {isa = PBXBuildFile; fileRef = 533655901B1B618800B381DD /* Turn Down for What.png */; };
		533655951B1B618800B381DD /* Turn Down for What.mp3 in Resources */ = {isa = PBXBuildFile; fileRef = 533655921B1B618800B381DD /* Turn Down for What.mp3 */; };
		533655981B1B61FA00B381DD /* Heartbeat Song.mp3 in Resources */ = {isa = PBXBuildFile; fileRef = 533655961B1B61FA00B381DD /* Heartbeat Song.mp3 */; };
		533655991B1B61FA00B381DD /* Heartbeat Song.png in Resources */ = {isa = PBXBuildFile; fileRef = 533655971B1B61FA00B381DD /* Heartbeat Song.png */; };
/* End PBXBuildFile section */

/* Begin PBXContainerItemProxy section */
		533655451B1AB52600B381DD /* PBXContainerItemProxy */ = {
			isa = PBXContainerItemProxy;
			containerPortal = 533655231B1AB52600B381DD /* Project object */;
			proxyType = 1;
			remoteGlobalIDString = 5336552A1B1AB52600B381DD;
			remoteInfo = MusicPlayer;
		};
/* End PBXContainerItemProxy section */

/* Begin PBXFileReference section */
		5336552B1B1AB52600B381DD /* MusicPlayer.app */ = {isa = PBXFileReference; explicitFileType = wrapper.application; includeInIndex = 0; path = MusicPlayer.app; sourceTree = BUILT_PRODUCTS_DIR; };
		5336552F1B1AB52600B381DD /* Info.plist */ = {isa = PBXFileReference; lastKnownFileType = text.plist.xml; path = Info.plist; sourceTree = "<group>"; };
		533655301B1AB52600B381DD /* main.m */ = {isa = PBXFileReference; lastKnownFileType = sourcecode.c.objc; path = main.m; sourceTree = "<group>"; };
		533655321B1AB52600B381DD /* AppDelegate.h */ = {isa = PBXFileReference; lastKnownFileType = sourcecode.c.h; path = AppDelegate.h; sourceTree = "<group>"; };
		533655331B1AB52600B381DD /* AppDelegate.m */ = {isa = PBXFileReference; lastKnownFileType = sourcecode.c.objc; path = AppDelegate.m; sourceTree = "<group>"; };
		533655351B1AB52600B381DD /* ViewController.h */ = {isa = PBXFileReference; lastKnownFileType = sourcecode.c.h; path = ViewController.h; sourceTree = "<group>"; };
		533655361B1AB52600B381DD /* ViewController.m */ = {isa = PBXFileReference; lastKnownFileType = sourcecode.c.objc; path = ViewController.m; sourceTree = "<group>"; };
		533655391B1AB52600B381DD /* Base */ = {isa = PBXFileReference; lastKnownFileType = file.storyboard; name = Base; path = Base.lproj/Main.storyboard; sourceTree = "<group>"; };
		5336553B1B1AB52600B381DD /* Images.xcassets */ = {isa = PBXFileReference; lastKnownFileType = folder.assetcatalog; path = Images.xcassets; sourceTree = "<group>"; };
		5336553E1B1AB52600B381DD /* Base */ = {isa = PBXFileReference; lastKnownFileType = file.xib; name = Base; path = Base.lproj/LaunchScreen.xib; sourceTree = "<group>"; };
		533655441B1AB52600B381DD /* MusicPlayerTests.xctest */ = {isa = PBXFileReference; explicitFileType = wrapper.cfbundle; includeInIndex = 0; path = MusicPlayerTests.xctest; sourceTree = BUILT_PRODUCTS_DIR; };
		533655491B1AB52600B381DD /* Info.plist */ = {isa = PBXFileReference; lastKnownFileType = text.plist.xml; path = Info.plist; sourceTree = "<group>"; };
		5336554A1B1AB52600B381DD /* MusicPlayerTests.m */ = {isa = PBXFileReference; lastKnownFileType = sourcecode.c.objc; path = MusicPlayerTests.m; sourceTree = "<group>"; };
		533655551B1ABE5400B381DD /* bg1.jpeg */ = {isa = PBXFileReference; lastKnownFileType = image.jpeg; path = bg1.jpeg; sourceTree = "<group>"; };
		533655561B1ABE5400B381DD /* bg2.jpg */ = {isa = PBXFileReference; lastKnownFileType = image.jpeg; path = bg2.jpg; sourceTree = "<group>"; };
		533655571B1ABE5400B381DD /* list.png */ = {isa = PBXFileReference; lastKnownFileType = image.png; path = list.png; sourceTree = "<group>"; };
		533655581B1ABE5400B381DD /* next.png */ = {isa = PBXFileReference; lastKnownFileType = image.png; path = next.png; sourceTree = "<group>"; };
		533655591B1ABE5400B381DD /* play.png */ = {isa = PBXFileReference; lastKnownFileType = image.png; path = play.png; sourceTree = "<group>"; };
		5336555A1B1ABE5400B381DD /* pre.png */ = {isa = PBXFileReference; lastKnownFileType = image.png; path = pre.png; sourceTree = "<group>"; };
		5336555B1B1ABE5400B381DD /* soundOff.png */ = {isa = PBXFileReference; lastKnownFileType = image.png; path = soundOff.png; sourceTree = "<group>"; };
		5336555C1B1ABE5400B381DD /* soundOn.png */ = {isa = PBXFileReference; lastKnownFileType = image.png; path = soundOn.png; sourceTree = "<group>"; };
		5336555D1B1ABE5400B381DD /* stop.png */ = {isa = PBXFileReference; lastKnownFileType = image.png; path = stop.png; sourceTree = "<group>"; };
		5336555E1B1ABE5400B381DD /* 我可以.lrc */ = {isa = PBXFileReference; fileEncoding = 4; lastKnownFileType = text; name = "我可以.lrc"; path = "Images/我可以.lrc"; sourceTree = "<group>"; };
		5336555F1B1ABE5400B381DD /* 我可以.mp3 */ = {isa = PBXFileReference; lastKnownFileType = audio.mp3; name = "我可以.mp3"; path = "Images/我可以.mp3"; sourceTree = "<group>"; };
		5336556B1B1AC0A300B381DD /* 我可以.png */ = {isa = PBXFileReference; lastKnownFileType = image.png; name = "我可以.png"; path = "Images/我可以.png"; sourceTree = "<group>"; };
		5336556D1B1AC5F800B381DD /* MusicModel.h */ = {isa = PBXFileReference; fileEncoding = 4; lastKnownFileType = sourcecode.c.h; path = MusicModel.h; sourceTree = "<group>"; };
		5336556E1B1AC5F800B381DD /* MusicModel.m */ = {isa = PBXFileReference; fileEncoding = 4; lastKnownFileType = sourcecode.c.objc; path = MusicModel.m; sourceTree = "<group>"; };
		533655701B1AD43200B381DD /* AVFoundation.framework */ = {isa = PBXFileReference; lastKnownFileType = wrapper.framework; name = AVFoundation.framework; path = System/Library/Frameworks/AVFoundation.framework; sourceTree = SDKROOT; };
		533655721B1AE04100B381DD /* Call Me Maybe.mp3 */ = {isa = PBXFileReference; lastKnownFileType = audio.mp3; name = "Call Me Maybe.mp3"; path = "Images/Call Me Maybe.mp3"; sourceTree = "<group>"; };
		533655731B1AE04100B381DD /* Let It Go.mp3 */ = {isa = PBXFileReference; lastKnownFileType = audio.mp3; name = "Let It Go.mp3"; path = "Images/Let It Go.mp3"; sourceTree = "<group>"; };
		533655741B1AE04100B381DD /* Call Me Maybe.lrc */ = {isa = PBXFileReference; fileEncoding = 4; lastKnownFileType = text; name = "Call Me Maybe.lrc"; path = "Images/Call Me Maybe.lrc"; sourceTree = "<group>"; };
		533655751B1AE04100B381DD /* Let It Go.lrc */ = {isa = PBXFileReference; fileEncoding = 4; lastKnownFileType = text; name = "Let It Go.lrc"; path = "Images/Let It Go.lrc"; sourceTree = "<group>"; };
		5336557B1B1B578400B381DD /* 表白.png */ = {isa = PBXFileReference; lastKnownFileType = image.png; path = "表白.png"; sourceTree = "<group>"; };
		5336557C1B1B578400B381DD /* 表白.lrc */ = {isa = PBXFileReference; fileEncoding = 4; lastKnownFileType = text; path = "表白.lrc"; sourceTree = "<group>"; };
		5336557D1B1B578400B381DD /* 表白.mp3 */ = {isa = PBXFileReference; lastKnownFileType = audio.mp3; path = "表白.mp3"; sourceTree = "<group>"; };
		533655811B1B578400B381DD /* 火花.png */ = {isa = PBXFileReference; lastKnownFileType = image.png; path = "火花.png"; sourceTree = "<group>"; };
		533655821B1B578400B381DD /* 火花.lrc */ = {isa = PBXFileReference; fileEncoding = 4; lastKnownFileType = text; path = "火花.lrc"; sourceTree = "<group>"; };
		533655831B1B578400B381DD /* 火花.mp3 */ = {isa = PBXFileReference; lastKnownFileType = audio.mp3; path = "火花.mp3"; sourceTree = "<group>"; };
		533655841B1B578400B381DD /* Call Me Maybe.png */ = {isa = PBXFileReference; lastKnownFileType = image.png; path = "Call Me Maybe.png"; sourceTree = "<group>"; };
		533655851B1B578400B381DD /* Let It Go.png */ = {isa = PBXFileReference; lastKnownFileType = image.png; path = "Let It Go.png"; sourceTree = "<group>"; };
		533655901B1B618800B381DD /* Turn Down for What.png */ = {isa = PBXFileReference; lastKnownFileType = image.png; path = "Turn Down for What.png"; sourceTree = "<group>"; };
		533655921B1B618800B381DD /* Turn Down for What.mp3 */ = {isa = PBXFileReference; lastKnownFileType = audio.mp3; path = "Turn Down for What.mp3"; sourceTree = "<group>"; };
		533655961B1B61FA00B381DD /* Heartbeat Song.mp3 */ = {isa = PBXFileReference; lastKnownFileType = audio.mp3; path = "Heartbeat Song.mp3"; sourceTree = "<group>"; };
		533655971B1B61FA00B381DD /* Heartbeat Song.png */ = {isa = PBXFileReference; lastKnownFileType = image.png; path = "Heartbeat Song.png"; sourceTree = "<group>"; };
/* End PBXFileReference section */

/* Begin PBXFrameworksBuildPhase section */
		533655281B1AB52600B381DD /* Frameworks */ = {
			isa = PBXFrameworksBuildPhase;
			buildActionMask = 2147483647;
			files = (
				533655711B1AD43200B381DD /* AVFoundation.framework in Frameworks */,
			);
			runOnlyForDeploymentPostprocessing = 0;
		};
		533655411B1AB52600B381DD /* Frameworks */ = {
			isa = PBXFrameworksBuildPhase;
			buildActionMask = 2147483647;
			files = (
			);
			runOnlyForDeploymentPostprocessing = 0;
		};
/* End PBXFrameworksBuildPhase section */

/* Begin PBXGroup section */
		533655221B1AB52600B381DD = {
			isa = PBXGroup;
			children = (
				533655701B1AD43200B381DD /* AVFoundation.framework */,
				5336552D1B1AB52600B381DD /* MusicPlayer */,
				533655471B1AB52600B381DD /* MusicPlayerTests */,
				5336552C1B1AB52600B381DD /* Products */,
			);
			sourceTree = "<group>";
		};
		5336552C1B1AB52600B381DD /* Products */ = {
			isa = PBXGroup;
			children = (
				5336552B1B1AB52600B381DD /* MusicPlayer.app */,
				533655441B1AB52600B381DD /* MusicPlayerTests.xctest */,
			);
			name = Products;
			sourceTree = "<group>";
		};
		5336552D1B1AB52600B381DD /* MusicPlayer */ = {
			isa = PBXGroup;
			children = (
				533655321B1AB52600B381DD /* AppDelegate.h */,
				533655331B1AB52600B381DD /* AppDelegate.m */,
				5336556D1B1AC5F800B381DD /* MusicModel.h */,
				5336556E1B1AC5F800B381DD /* MusicModel.m */,
				533655351B1AB52600B381DD /* ViewController.h */,
				533655361B1AB52600B381DD /* ViewController.m */,
				533655381B1AB52600B381DD /* Main.storyboard */,
				5336553B1B1AB52600B381DD /* Images.xcassets */,
				5336553D1B1AB52600B381DD /* LaunchScreen.xib */,
				5336552E1B1AB52600B381DD /* Supporting Files */,
			);
			path = MusicPlayer;
			sourceTree = "<group>";
		};
		5336552E1B1AB52600B381DD /* Supporting Files */ = {
			isa = PBXGroup;
			children = (
				5336557A1B1B51CE00B381DD /* songs */,
				533655541B1ABE5400B381DD /* Images */,
				5336552F1B1AB52600B381DD /* Info.plist */,
				533655301B1AB52600B381DD /* main.m */,
			);
			name = "Supporting Files";
			sourceTree = "<group>";
		};
		533655471B1AB52600B381DD /* MusicPlayerTests */ = {
			isa = PBXGroup;
			children = (
				5336554A1B1AB52600B381DD /* MusicPlayerTests.m */,
				533655481B1AB52600B381DD /* Supporting Files */,
			);
			path = MusicPlayerTests;
			sourceTree = "<group>";
		};
		533655481B1AB52600B381DD /* Supporting Files */ = {
			isa = PBXGroup;
			children = (
				533655491B1AB52600B381DD /* Info.plist */,
			);
			name = "Supporting Files";
			sourceTree = "<group>";
		};
		533655541B1ABE5400B381DD /* Images */ = {
			isa = PBXGroup;
			children = (
				533655551B1ABE5400B381DD /* bg1.jpeg */,
				533655561B1ABE5400B381DD /* bg2.jpg */,
				533655571B1ABE5400B381DD /* list.png */,
				533655581B1ABE5400B381DD /* next.png */,
				533655591B1ABE5400B381DD /* play.png */,
				5336555A1B1ABE5400B381DD /* pre.png */,
				5336555B1B1ABE5400B381DD /* soundOff.png */,
				5336555C1B1ABE5400B381DD /* soundOn.png */,
				5336555D1B1ABE5400B381DD /* stop.png */,
			);
			path = Images;
			sourceTree = "<group>";
		};
		5336557A1B1B51CE00B381DD /* songs */ = {
			isa = PBXGroup;
			children = (
				5336557B1B1B578400B381DD /* 表白.png */,
				5336557C1B1B578400B381DD /* 表白.lrc */,
				5336557D1B1B578400B381DD /* 表白.mp3 */,
				533655961B1B61FA00B381DD /* Heartbeat Song.mp3 */,
				533655971B1B61FA00B381DD /* Heartbeat Song.png */,
				533655811B1B578400B381DD /* 火花.png */,
				533655821B1B578400B381DD /* 火花.lrc */,
				533655831B1B578400B381DD /* 火花.mp3 */,
				533655901B1B618800B381DD /* Turn Down for What.png */,
				533655921B1B618800B381DD /* Turn Down for What.mp3 */,
				533655841B1B578400B381DD /* Call Me Maybe.png */,
				533655851B1B578400B381DD /* Let It Go.png */,
				533655721B1AE04100B381DD /* Call Me Maybe.mp3 */,
				533655731B1AE04100B381DD /* Let It Go.mp3 */,
				533655741B1AE04100B381DD /* Call Me Maybe.lrc */,
				533655751B1AE04100B381DD /* Let It Go.lrc */,
				5336555E1B1ABE5400B381DD /* 我可以.lrc */,
				5336556B1B1AC0A300B381DD /* 我可以.png */,
				5336555F1B1ABE5400B381DD /* 我可以.mp3 */,
			);
			name = songs;
			sourceTree = "<group>";
		};
/* End PBXGroup section */

/* Begin PBXNativeTarget section */
		5336552A1B1AB52600B381DD /* MusicPlayer */ = {
			isa = PBXNativeTarget;
			buildConfigurationList = 5336554E1B1AB52600B381DD /* Build configuration list for PBXNativeTarget "MusicPlayer" */;
			buildPhases = (
				533655271B1AB52600B381DD /* Sources */,
				533655281B1AB52600B381DD /* Frameworks */,
				533655291B1AB52600B381DD /* Resources */,
			);
			buildRules = (
			);
			dependencies = (
			);
			name = MusicPlayer;
			productName = MusicPlayer;
			productReference = 5336552B1B1AB52600B381DD /* MusicPlayer.app */;
			productType = "com.apple.product-type.application";
		};
		533655431B1AB52600B381DD /* MusicPlayerTests */ = {
			isa = PBXNativeTarget;
			buildConfigurationList = 533655511B1AB52600B381DD /* Build configuration list for PBXNativeTarget "MusicPlayerTests" */;
			buildPhases = (
				533655401B1AB52600B381DD /* Sources */,
				533655411B1AB52600B381DD /* Frameworks */,
				533655421B1AB52600B381DD /* Resources */,
			);
			buildRules = (
			);
			dependencies = (
				533655461B1AB52600B381DD /* PBXTargetDependency */,
			);
			name = MusicPlayerTests;
			productName = MusicPlayerTests;
			productReference = 533655441B1AB52600B381DD /* MusicPlayerTests.xctest */;
			productType = "com.apple.product-type.bundle.unit-test";
		};
/* End PBXNativeTarget section */

/* Begin PBXProject section */
		533655231B1AB52600B381DD /* Project object */ = {
			isa = PBXProject;
			attributes = {
				LastUpgradeCheck = 0630;
				ORGANIZATIONNAME = hui;
				TargetAttributes = {
					5336552A1B1AB52600B381DD = {
						CreatedOnToolsVersion = 6.3.2;
					};
					533655431B1AB52600B381DD = {
						CreatedOnToolsVersion = 6.3.2;
						TestTargetID = 5336552A1B1AB52600B381DD;
					};
				};
			};
			buildConfigurationList = 533655261B1AB52600B381DD /* Build configuration list for PBXProject "MusicPlayer" */;
			compatibilityVersion = "Xcode 3.2";
			developmentRegion = English;
			hasScannedForEncodings = 0;
			knownRegions = (
				en,
				Base,
			);
			mainGroup = 533655221B1AB52600B381DD;
			productRefGroup = 5336552C1B1AB52600B381DD /* Products */;
			projectDirPath = "";
			projectRoot = "";
			targets = (
				5336552A1B1AB52600B381DD /* MusicPlayer */,
				533655431B1AB52600B381DD /* MusicPlayerTests */,
			);
		};
/* End PBXProject section */

/* Begin PBXResourcesBuildPhase section */
		533655291B1AB52600B381DD /* Resources */ = {
			isa = PBXResourcesBuildPhase;
			buildActionMask = 2147483647;
			files = (
				5336558E1B1B578400B381DD /* Call Me Maybe.png in Resources */,
				533655981B1B61FA00B381DD /* Heartbeat Song.mp3 in Resources */,
				533655671B1ABE5400B381DD /* soundOn.png in Resources */,
				533655631B1ABE5400B381DD /* next.png in Resources */,
				533655771B1AE04100B381DD /* Let It Go.mp3 in Resources */,
				533655791B1AE04100B381DD /* Let It Go.lrc in Resources */,
				5336558B1B1B578400B381DD /* 火花.png in Resources */,
				533655641B1ABE5400B381DD /* play.png in Resources */,
				5336553A1B1AB52600B381DD /* Main.storyboard in Resources */,
				533655691B1ABE5400B381DD /* 我可以.lrc in Resources */,
				533655931B1B618800B381DD /* Turn Down for What.png in Resources */,
				533655991B1B61FA00B381DD /* Heartbeat Song.png in Resources */,
				5336553F1B1AB52600B381DD /* LaunchScreen.xib in Resources */,
				5336556A1B1ABE5400B381DD /* 我可以.mp3 in Resources */,
				533655681B1ABE5400B381DD /* stop.png in Resources */,
				5336558C1B1B578400B381DD /* 火花.lrc in Resources */,
				533655871B1B578400B381DD /* 表白.lrc in Resources */,
				533655861B1B578400B381DD /* 表白.png in Resources */,
				533655601B1ABE5400B381DD /* bg1.jpeg in Resources */,
				533655611B1ABE5400B381DD /* bg2.jpg in Resources */,
				533655651B1ABE5400B381DD /* pre.png in Resources */,
				533655761B1AE04100B381DD /* Call Me Maybe.mp3 in Resources */,
				5336558D1B1B578400B381DD /* 火花.mp3 in Resources */,
				533655661B1ABE5400B381DD /* soundOff.png in Resources */,
				533655781B1AE04100B381DD /* Call Me Maybe.lrc in Resources */,
				5336558F1B1B578400B381DD /* Let It Go.png in Resources */,
				5336553C1B1AB52600B381DD /* Images.xcassets in Resources */,
				5336556C1B1AC0A300B381DD /* 我可以.png in Resources */,
				533655621B1ABE5400B381DD /* list.png in Resources */,
				533655951B1B618800B381DD /* Turn Down for What.mp3 in Resources */,
				533655881B1B578400B381DD /* 表白.mp3 in Resources */,
			);
			runOnlyForDeploymentPostprocessing = 0;
		};
		533655421B1AB52600B381DD /* Resources */ = {
			isa = PBXResourcesBuildPhase;
			buildActionMask = 2147483647;
			files = (
			);
			runOnlyForDeploymentPostprocessing = 0;
		};
/* End PBXResourcesBuildPhase section */

/* Begin PBXSourcesBuildPhase section */
		533655271B1AB52600B381DD /* Sources */ = {
			isa = PBXSourcesBuildPhase;
			buildActionMask = 2147483647;
			files = (
				533655371B1AB52600B381DD /* ViewController.m in Sources */,
				5336556F1B1AC5F800B381DD /* MusicModel.m in Sources */,
				533655341B1AB52600B381DD /* AppDelegate.m in Sources */,
				533655311B1AB52600B381DD /* main.m in Sources */,
			);
			runOnlyForDeploymentPostprocessing = 0;
		};
		533655401B1AB52600B381DD /* Sources */ = {
			isa = PBXSourcesBuildPhase;
			buildActionMask = 2147483647;
			files = (
				5336554B1B1AB52600B381DD /* MusicPlayerTests.m in Sources */,
			);
			runOnlyForDeploymentPostprocessing = 0;
		};
/* End PBXSourcesBuildPhase section */

/* Begin PBXTargetDependency section */
		533655461B1AB52600B381DD /* PBXTargetDependency */ = {
			isa = PBXTargetDependency;
			target = 5336552A1B1AB52600B381DD /* MusicPlayer */;
			targetProxy = 533655451B1AB52600B381DD /* PBXContainerItemProxy */;
		};
/* End PBXTargetDependency section */

/* Begin PBXVariantGroup section */
		533655381B1AB52600B381DD /* Main.storyboard */ = {
			isa = PBXVariantGroup;
			children = (
				533655391B1AB52600B381DD /* Base */,
			);
			name = Main.storyboard;
			sourceTree = "<group>";
		};
		5336553D1B1AB52600B381DD /* LaunchScreen.xib */ = {
			isa = PBXVariantGroup;
			children = (
				5336553E1B1AB52600B381DD /* Base */,
			);
			name = LaunchScreen.xib;
			sourceTree = "<group>";
		};
/* End PBXVariantGroup section */

/* Begin XCBuildConfiguration section */
		5336554C1B1AB52600B381DD /* Debug */ = {
			isa = XCBuildConfiguration;
			buildSettings = {
				ALWAYS_SEARCH_USER_PATHS = NO;
				CLANG_CXX_LANGUAGE_STANDARD = "gnu++0x";
				CLANG_CXX_LIBRARY = "libc++";
				CLANG_ENABLE_MODULES = YES;
				CLANG_ENABLE_OBJC_ARC = YES;
				CLANG_WARN_BOOL_CONVERSION = YES;
				CLANG_WARN_CONSTANT_CONVERSION = YES;
				CLANG_WARN_DIRECT_OBJC_ISA_USAGE = YES_ERROR;
				CLANG_WARN_EMPTY_BODY = YES;
				CLANG_WARN_ENUM_CONVERSION = YES;
				CLANG_WARN_INT_CONVERSION = YES;
				CLANG_WARN_OBJC_ROOT_CLASS = YES_ERROR;
				CLANG_WARN_UNREACHABLE_CODE = YES;
				CLANG_WARN__DUPLICATE_METHOD_MATCH = YES;
				"CODE_SIGN_IDENTITY[sdk=iphoneos*]" = "iPhone Developer";
				COPY_PHASE_STRIP = NO;
				DEBUG_INFORMATION_FORMAT = "dwarf-with-dsym";
				ENABLE_STRICT_OBJC_MSGSEND = YES;
				GCC_C_LANGUAGE_STANDARD = gnu99;
				GCC_DYNAMIC_NO_PIC = NO;
				GCC_NO_COMMON_BLOCKS = YES;
				GCC_OPTIMIZATION_LEVEL = 0;
				GCC_PREPROCESSOR_DEFINITIONS = (
					"DEBUG=1",
					"$(inherited)",
				);
				GCC_SYMBOLS_PRIVATE_EXTERN = NO;
				GCC_WARN_64_TO_32_BIT_CONVERSION = YES;
				GCC_WARN_ABOUT_RETURN_TYPE = YES_ERROR;
				GCC_WARN_UNDECLARED_SELECTOR = YES;
				GCC_WARN_UNINITIALIZED_AUTOS = YES_AGGRESSIVE;
				GCC_WARN_UNUSED_FUNCTION = YES;
				GCC_WARN_UNUSED_VARIABLE = YES;
				IPHONEOS_DEPLOYMENT_TARGET = 8.3;
				MTL_ENABLE_DEBUG_INFO = YES;
				ONLY_ACTIVE_ARCH = YES;
				SDKROOT = iphoneos;
				TARGETED_DEVICE_FAMILY = "1,2";
			};
			name = Debug;
		};
		5336554D1B1AB52600B381DD /* Release */ = {
			isa = XCBuildConfiguration;
			buildSettings = {
				ALWAYS_SEARCH_USER_PATHS = NO;
				CLANG_CXX_LANGUAGE_STANDARD = "gnu++0x";
				CLANG_CXX_LIBRARY = "libc++";
				CLANG_ENABLE_MODULES = YES;
				CLANG_ENABLE_OBJC_ARC = YES;
				CLANG_WARN_BOOL_CONVERSION = YES;
				CLANG_WARN_CONSTANT_CONVERSION = YES;
				CLANG_WARN_DIRECT_OBJC_ISA_USAGE = YES_ERROR;
				CLANG_WARN_EMPTY_BODY = YES;
				CLANG_WARN_ENUM_CONVERSION = YES;
				CLANG_WARN_INT_CONVERSION = YES;
				CLANG_WARN_OBJC_ROOT_CLASS = YES_ERROR;
				CLANG_WARN_UNREACHABLE_CODE = YES;
				CLANG_WARN__DUPLICATE_METHOD_MATCH = YES;
				"CODE_SIGN_IDENTITY[sdk=iphoneos*]" = "iPhone Developer";
				COPY_PHASE_STRIP = NO;
				DEBUG_INFORMATION_FORMAT = "dwarf-with-dsym";
				ENABLE_NS_ASSERTIONS = NO;
				ENABLE_STRICT_OBJC_MSGSEND = YES;
				GCC_C_LANGUAGE_STANDARD = gnu99;
				GCC_NO_COMMON_BLOCKS = YES;
				GCC_WARN_64_TO_32_BIT_CONVERSION = YES;
				GCC_WARN_ABOUT_RETURN_TYPE = YES_ERROR;
				GCC_WARN_UNDECLARED_SELECTOR = YES;
				GCC_WARN_UNINITIALIZED_AUTOS = YES_AGGRESSIVE;
				GCC_WARN_UNUSED_FUNCTION = YES;
				GCC_WARN_UNUSED_VARIABLE = YES;
				IPHONEOS_DEPLOYMENT_TARGET = 8.3;
				MTL_ENABLE_DEBUG_INFO = NO;
				SDKROOT = iphoneos;
				TARGETED_DEVICE_FAMILY = "1,2";
				VALIDATE_PRODUCT = YES;
			};
			name = Release;
		};
		5336554F1B1AB52600B381DD /* Debug */ = {
			isa = XCBuildConfiguration;
			buildSettings = {
				ASSETCATALOG_COMPILER_APPICON_NAME = AppIcon;
				INFOPLIST_FILE = MusicPlayer/Info.plist;
				IPHONEOS_DEPLOYMENT_TARGET = 8.1;
				LD_RUNPATH_SEARCH_PATHS = "$(inherited) @executable_path/Frameworks";
				PRODUCT_NAME = "$(TARGET_NAME)";
				TARGETED_DEVICE_FAMILY = 1;
			};
			name = Debug;
		};
		533655501B1AB52600B381DD /* Release */ = {
			isa = XCBuildConfiguration;
			buildSettings = {
				ASSETCATALOG_COMPILER_APPICON_NAME = AppIcon;
				INFOPLIST_FILE = MusicPlayer/Info.plist;
				IPHONEOS_DEPLOYMENT_TARGET = 8.1;
				LD_RUNPATH_SEARCH_PATHS = "$(inherited) @executable_path/Frameworks";
				PRODUCT_NAME = "$(TARGET_NAME)";
				TARGETED_DEVICE_FAMILY = 1;
			};
			name = Release;
		};
		533655521B1AB52600B381DD /* Debug */ = {
			isa = XCBuildConfiguration;
			buildSettings = {
				BUNDLE_LOADER = "$(TEST_HOST)";
				FRAMEWORK_SEARCH_PATHS = (
					"$(SDKROOT)/Developer/Library/Frameworks",
					"$(inherited)",
				);
				GCC_PREPROCESSOR_DEFINITIONS = (
					"DEBUG=1",
					"$(inherited)",
				);
				INFOPLIST_FILE = MusicPlayerTests/Info.plist;
				LD_RUNPATH_SEARCH_PATHS = "$(inherited) @executable_path/Frameworks @loader_path/Frameworks";
				PRODUCT_NAME = "$(TARGET_NAME)";
				TEST_HOST = "$(BUILT_PRODUCTS_DIR)/MusicPlayer.app/MusicPlayer";
			};
			name = Debug;
		};
		533655531B1AB52600B381DD /* Release */ = {
			isa = XCBuildConfiguration;
			buildSettings = {
				BUNDLE_LOADER = "$(TEST_HOST)";
				FRAMEWORK_SEARCH_PATHS = (
					"$(SDKROOT)/Developer/Library/Frameworks",
					"$(inherited)",
				);
				INFOPLIST_FILE = MusicPlayerTests/Info.plist;
				LD_RUNPATH_SEARCH_PATHS = "$(inherited) @executable_path/Frameworks @loader_path/Frameworks";
				PRODUCT_NAME = "$(TARGET_NAME)";
				TEST_HOST = "$(BUILT_PRODUCTS_DIR)/MusicPlayer.app/MusicPlayer";
			};
			name = Release;
		};
/* End XCBuildConfiguration section */

/* Begin XCConfigurationList section */
		533655261B1AB52600B381DD /* Build configuration list for PBXProject "MusicPlayer" */ = {
			isa = XCConfigurationList;
			buildConfigurations = (
				5336554C1B1AB52600B381DD /* Debug */,
				5336554D1B1AB52600B381DD /* Release */,
			);
			defaultConfigurationIsVisible = 0;
			defaultConfigurationName = Release;
		};
		5336554E1B1AB52600B381DD /* Build configuration list for PBXNativeTarget "MusicPlayer" */ = {
			isa = XCConfigurationList;
			buildConfigurations = (
				5336554F1B1AB52600B381DD /* Debug */,
				533655501B1AB52600B381DD /* Release */,
			);
			defaultConfigurationIsVisible = 0;
			defaultConfigurationName = Release;
		};
		533655511B1AB52600B381DD /* Build configuration list for PBXNativeTarget "MusicPlayerTests" */ = {
			isa = XCConfigurationList;
			buildConfigurations = (
				533655521B1AB52600B381DD /* Debug */,
				533655531B1AB52600B381DD /* Release */,
			);
			defaultConfigurationIsVisible = 0;
			defaultConfigurationName = Release;
		};
/* End XCConfigurationList section */
	};
	rootObject = 533655231B1AB52600B381DD /* Project object */;
}
